
Microsoft Visual Studio Solution File, Format Version 12.00
# Visual Studio Version 17
VisualStudioVersion = 17.11.35327.3
MinimumVisualStudioVersion = 10.0.40219.1
Project("{9A19103F-16F7-4668-BE54-9A1E7A4F7556}") = "JAApp", "JAApp\JAApp.csproj", "{8B9BADD0-89FD-4FB4-BA8C-77F423DEDC7C}"
	ProjectSection(ProjectDependencies) = postProject
		{786A75D4-F6B6-4698-8D76-8249A5675D1D} = {786A75D4-F6B6-4698-8D76-8249A5675D1D}
		{C7B6F7C6-4007-4EDD-8307-951C2D36A4B9} = {C7B6F7C6-4007-4EDD-8307-951C2D36A4B9}
	EndProjectSection
EndProject
Project("{8BC9CEB8-8B4A-11D0-8D11-00A0C91BC942}") = "JADll", "JADll\JADll.vcxproj", "{786A75D4-F6B6-4698-8D76-8249A5675D1D}"
EndProject
Project("{8BC9CEB8-8B4A-11D0-8D11-00A0C91BC942}") = "CPPDLL", "CPPDLL\CPPDLL.vcxproj", "{C7B6F7C6-4007-4EDD-8307-951C2D36A4B9}"
EndProject
Global
	GlobalSection(SolutionConfigurationPlatforms) = preSolution
		Debug|Any CPU = Debug|Any CPU
		Debug|x64 = Debug|x64
		Debug|x86 = Debug|x86
		Release|Any CPU = Release|Any CPU
		Release|x64 = Release|x64
		Release|x86 = Release|x86
	EndGlobalSection
	GlobalSection(ProjectConfigurationPlatforms) = postSolution
		{8B9BADD0-89FD-4FB4-BA8C-77F423DEDC7C}.Debug|Any CPU.ActiveCfg = Debug|Any CPU
		{8B9BADD0-89FD-4FB4-BA8C-77F423DEDC7C}.Debug|Any CPU.Build.0 = Debug|Any CPU
		{8B9BADD0-89FD-4FB4-BA8C-77F423DEDC7C}.Debug|x64.ActiveCfg = Debug|Any CPU
		{8B9BADD0-89FD-4FB4-BA8C-77F423DEDC7C}.Debug|x64.Build.0 = Debug|Any CPU
		{8B9BADD0-89FD-4FB4-BA8C-77F423DEDC7C}.Debug|x86.ActiveCfg = Debug|Any CPU
		{8B9BADD0-89FD-4FB4-BA8C-77F423DEDC7C}.Debug|x86.Build.0 = Debug|Any CPU
		{8B9BADD0-89FD-4FB4-BA8C-77F423DEDC7C}.Release|Any CPU.ActiveCfg = Release|Any CPU
		{8B9BADD0-89FD-4FB4-BA8C-77F423DEDC7C}.Release|Any CPU.Build.0 = Release|Any CPU
		{8B9BADD0-89FD-4FB4-BA8C-77F423DEDC7C}.Release|x64.ActiveCfg = Release|Any CPU
		{8B9BADD0-89FD-4FB4-BA8C-77F423DEDC7C}.Release|x64.Build.0 = Release|Any CPU
		{8B9BADD0-89FD-4FB4-BA8C-77F423DEDC7C}.Release|x86.ActiveCfg = Release|Any CPU
		{8B9BADD0-89FD-4FB4-BA8C-77F423DEDC7C}.Release|x86.Build.0 = Release|Any CPU
		{786A75D4-F6B6-4698-8D76-8249A5675D1D}.Debug|Any CPU.ActiveCfg = Debug|x64
		{786A75D4-F6B6-4698-8D76-8249A5675D1D}.Debug|Any CPU.Build.0 = Debug|x64
		{786A75D4-F6B6-4698-8D76-8249A5675D1D}.Debug|x64.ActiveCfg = Debug|x64
		{786A75D4-F6B6-4698-8D76-8249A5675D1D}.Debug|x64.Build.0 = Debug|x64
		{786A75D4-F6B6-4698-8D76-8249A5675D1D}.Debug|x86.ActiveCfg = Debug|Win32
		{786A75D4-F6B6-4698-8D76-8249A5675D1D}.Debug|x86.Build.0 = Debug|Win32
		{786A75D4-F6B6-4698-8D76-8249A5675D1D}.Release|Any CPU.ActiveCfg = Release|x64
		{786A75D4-F6B6-4698-8D76-8249A5675D1D}.Release|Any CPU.Build.0 = Release|x64
		{786A75D4-F6B6-4698-8D76-8249A5675D1D}.Release|x64.ActiveCfg = Release|x64
		{786A75D4-F6B6-4698-8D76-8249A5675D1D}.Release|x64.Build.0 = Release|x64
		{786A75D4-F6B6-4698-8D76-8249A5675D1D}.Release|x86.ActiveCfg = Release|Win32
		{786A75D4-F6B6-4698-8D76-8249A5675D1D}.Release|x86.Build.0 = Release|Win32
		{C7B6F7C6-4007-4EDD-8307-951C2D36A4B9}.Debug|Any CPU.ActiveCfg = Debug|x64
		{C7B6F7C6-4007-4EDD-8307-951C2D36A4B9}.Debug|Any CPU.Build.0 = Debug|x64
		{C7B6F7C6-4007-4EDD-8307-951C2D36A4B9}.Debug|x64.ActiveCfg = Debug|x64
		{C7B6F7C6-4007-4EDD-8307-951C2D36A4B9}.Debug|x64.Build.0 = Debug|x64
		{C7B6F7C6-4007-4EDD-8307-951C2D36A4B9}.Debug|x86.ActiveCfg = Debug|Win32
		{C7B6F7C6-4007-4EDD-8307-951C2D36A4B9}.Debug|x86.Build.0 = Debug|Win32
		{C7B6F7C6-4007-4EDD-8307-951C2D36A4B9}.Release|Any CPU.ActiveCfg = Release|x64
		{C7B6F7C6-4007-4EDD-8307-951C2D36A4B9}.Release|Any CPU.Build.0 = Release|x64
		{C7B6F7C6-4007-4EDD-8307-951C2D36A4B9}.Release|x64.ActiveCfg = Release|x64
		{C7B6F7C6-4007-4EDD-8307-951C2D36A4B9}.Release|x64.Build.0 = Release|x64
		{C7B6F7C6-4007-4EDD-8307-951C2D36A4B9}.Release|x86.ActiveCfg = Release|Win32
		{C7B6F7C6-4007-4EDD-8307-951C2D36A4B9}.Release|x86.Build.0 = Release|Win32
	EndGlobalSection
	GlobalSection(SolutionProperties) = preSolution
		HideSolutionNode = FALSE
	EndGlobalSection
	GlobalSection(ExtensibilityGlobals) = postSolution
		SolutionGuid = {5058BEBE-82C2-4333-9C8D-FEB0747DB89A}
	EndGlobalSection
EndGlobal
